
Microsoft Visual Studio Solution File, Format Version 12.00
# Visual Studio 15
Project("{FAE04EC0-301F-11D3-BF4B-00C04F79EFBC}") = "UnityEngine.UI", "UnityEngine.UI.csproj", "{13C05845-E2BD-E712-6821-5A79D23E775A}"
EndProject
Project("{FAE04EC0-301F-11D3-BF4B-00C04F79EFBC}") = "Assembly-CSharp", "Assembly-CSharp.csproj", "{1F16B2D7-CE25-7E79-38C8-7D3D1510421D}"
EndProject
Project("{FAE04EC0-301F-11D3-BF4B-00C04F79EFBC}") = "UnityEditor.UI", "UnityEditor.UI.csproj", "{2D5CA1ED-4EF4-4D18-B5EE-90D52D825D54}"
EndProject
Project("{FAE04EC0-301F-11D3-BF4B-00C04F79EFBC}") = "Unity.2D.Sprite.Editor", "Unity.2D.Sprite.Editor.csproj", "{20AED27C-041A-BC39-F3D2-05A410BD06D3}"
EndProject
Project("{FAE04EC0-301F-11D3-BF4B-00C04F79EFBC}") = "Unity.2D.Tilemap.Editor", "Unity.2D.Tilemap.Editor.csproj", "{97D6CC06-A5F7-C0B5-D045-9E1288EAC5FD}"
EndProject
Global
	GlobalSection(SolutionConfigurationPlatforms) = preSolution
		Debug|Any CPU = Debug|Any CPU
		Release|Any CPU = Release|Any CPU
	EndGlobalSection
	GlobalSection(ProjectConfigurationPlatforms) = postSolution
		{13C05845-E2BD-E712-6821-5A79D23E775A}.Debug|Any CPU.ActiveCfg = Debug|Any CPU
		{13C05845-E2BD-E712-6821-5A79D23E775A}.Debug|Any CPU.Build.0 = Debug|Any CPU
		{13C05845-E2BD-E712-6821-5A79D23E775A}.Release|Any CPU.ActiveCfg = Release|Any CPU
		{13C05845-E2BD-E712-6821-5A79D23E775A}.Release|Any CPU.Build.0 = Release|Any CPU
		{1F16B2D7-CE25-7E79-38C8-7D3D1510421D}.Debug|Any CPU.ActiveCfg = Debug|Any CPU
		{1F16B2D7-CE25-7E79-38C8-7D3D1510421D}.Debug|Any CPU.Build.0 = Debug|Any CPU
		{1F16B2D7-CE25-7E79-38C8-7D3D1510421D}.Release|Any CPU.ActiveCfg = Release|Any CPU
		{1F16B2D7-CE25-7E79-38C8-7D3D1510421D}.Release|Any CPU.Build.0 = Release|Any CPU
		{2D5CA1ED-4EF4-4D18-B5EE-90D52D825D54}.Debug|Any CPU.ActiveCfg = Debug|Any CPU
		{2D5CA1ED-4EF4-4D18-B5EE-90D52D825D54}.Debug|Any CPU.Build.0 = Debug|Any CPU
		{2D5CA1ED-4EF4-4D18-B5EE-90D52D825D54}.Release|Any CPU.ActiveCfg = Release|Any CPU
		{2D5CA1ED-4EF4-4D18-B5EE-90D52D825D54}.Release|Any CPU.Build.0 = Release|Any CPU
		{20AED27C-041A-BC39-F3D2-05A410BD06D3}.Debug|Any CPU.ActiveCfg = Debug|Any CPU
		{20AED27C-041A-BC39-F3D2-05A410BD06D3}.Debug|Any CPU.Build.0 = Debug|Any CPU
		{20AED27C-041A-BC39-F3D2-05A410BD06D3}.Release|Any CPU.ActiveCfg = Release|Any CPU
		{20AED27C-041A-BC39-F3D2-05A410BD06D3}.Release|Any CPU.Build.0 = Release|Any CPU
		{97D6CC06-A5F7-C0B5-D045-9E1288EAC5FD}.Debug|Any CPU.ActiveCfg = Debug|Any CPU
		{97D6CC06-A5F7-C0B5-D045-9E1288EAC5FD}.Debug|Any CPU.Build.0 = Debug|Any CPU
		{97D6CC06-A5F7-C0B5-D045-9E1288EAC5FD}.Release|Any CPU.ActiveCfg = Release|Any CPU
		{97D6CC06-A5F7-C0B5-D045-9E1288EAC5FD}.Release|Any CPU.Build.0 = Release|Any CPU
	EndGlobalSection
	GlobalSection(SolutionProperties) = preSolution
		HideSolutionNode = FALSE
	EndGlobalSection
EndGlobal
